// !$*UTF8*$!
{
	archiveVersion = 1;
	classes = {
	};
	objectVersion = 46;
	objects = {

/* Begin PBXBuildFile section */
		4D553BF7187C299A0043B42C /* Foundation.framework in Frameworks */ = {isa = PBXBuildFile; fileRef = 4D553BF6187C299A0043B42C /* Foundation.framework */; };
		4D553BF9187C299A0043B42C /* CoreGraphics.framework in Frameworks */ = {isa = PBXBuildFile; fileRef = 4D553BF8187C299A0043B42C /* CoreGraphics.framework */; };
		4D553BFB187C299A0043B42C /* UIKit.framework in Frameworks */ = {isa = PBXBuildFile; fileRef = 4D553BFA187C299A0043B42C /* UIKit.framework */; };
		4D553C01187C299A0043B42C /* InfoPlist.strings in Resources */ = {isa = PBXBuildFile; fileRef = 4D553BFF187C299A0043B42C /* InfoPlist.strings */; };
		4D553C03187C299A0043B42C /* main.m in Sources */ = {isa = PBXBuildFile; fileRef = 4D553C02187C299A0043B42C /* main.m */; };
		4D553C07187C299A0043B42C /* AppDelegate.m in Sources */ = {isa = PBXBuildFile; fileRef = 4D553C06187C299A0043B42C /* AppDelegate.m */; };
		4D553C09187C299A0043B42C /* Images.xcassets in Resources */ = {isa = PBXBuildFile; fileRef = 4D553C08187C299A0043B42C /* Images.xcassets */; };
		4D553C10187C299A0043B42C /* XCTest.framework in Frameworks */ = {isa = PBXBuildFile; fileRef = 4D553C0F187C299A0043B42C /* XCTest.framework */; };
		4D553C11187C299A0043B42C /* Foundation.framework in Frameworks */ = {isa = PBXBuildFile; fileRef = 4D553BF6187C299A0043B42C /* Foundation.framework */; };
		4D553C12187C299A0043B42C /* UIKit.framework in Frameworks */ = {isa = PBXBuildFile; fileRef = 4D553BFA187C299A0043B42C /* UIKit.framework */; };
		4D553C1A187C299A0043B42C /* InfoPlist.strings in Resources */ = {isa = PBXBuildFile; fileRef = 4D553C18187C299A0043B42C /* InfoPlist.strings */; };
		4D553C1C187C299A0043B42C /* SearchBarBugTests.m in Sources */ = {isa = PBXBuildFile; fileRef = 4D553C1B187C299A0043B42C /* SearchBarBugTests.m */; };
		4D553C2A187C29E20043B42C /* JASidePanelController.m in Sources */ = {isa = PBXBuildFile; fileRef = 4D553C27187C29E20043B42C /* JASidePanelController.m */; };
		4D553C2B187C29E20043B42C /* UIViewController+JASidePanel.m in Sources */ = {isa = PBXBuildFile; fileRef = 4D553C29187C29E20043B42C /* UIViewController+JASidePanel.m */; };
		4D553C2E187C2A650043B42C /* MenuViewController.m in Sources */ = {isa = PBXBuildFile; fileRef = 4D553C2D187C2A650043B42C /* MenuViewController.m */; };
		4D553C31187C2D370043B42C /* CenterViewController.m in Sources */ = {isa = PBXBuildFile; fileRef = 4D553C30187C2D370043B42C /* CenterViewController.m */; };
/* End PBXBuildFile section */

/* Begin PBXContainerItemProxy section */
		4D553C13187C299A0043B42C /* PBXContainerItemProxy */ = {
			isa = PBXContainerItemProxy;
			containerPortal = 4D553BEB187C299A0043B42C /* Project object */;
			proxyType = 1;
			remoteGlobalIDString = 4D553BF2187C299A0043B42C;
			remoteInfo = SearchBarBug;
		};
/* End PBXContainerItemProxy section */

/* Begin PBXFileReference section */
		4D553BF3187C299A0043B42C /* SearchBarBug.app */ = {isa = PBXFileReference; explicitFileType = wrapper.application; includeInIndex = 0; path = SearchBarBug.app; sourceTree = BUILT_PRODUCTS_DIR; };
		4D553BF6187C299A0043B42C /* Foundation.framework */ = {isa = PBXFileReference; lastKnownFileType = wrapper.framework; name = Foundation.framework; path = System/Library/Frameworks/Foundation.framework; sourceTree = SDKROOT; };
		4D553BF8187C299A0043B42C /* CoreGraphics.framework */ = {isa = PBXFileReference; lastKnownFileType = wrapper.framework; name = CoreGraphics.framework; path = System/Library/Frameworks/CoreGraphics.framework; sourceTree = SDKROOT; };
		4D553BFA187C299A0043B42C /* UIKit.framework */ = {isa = PBXFileReference; lastKnownFileType = wrapper.framework; name = UIKit.framework; path = System/Library/Frameworks/UIKit.framework; sourceTree = SDKROOT; };
		4D553BFE187C299A0043B42C /* SearchBarBug-Info.plist */ = {isa = PBXFileReference; lastKnownFileType = text.plist.xml; path = "SearchBarBug-Info.plist"; sourceTree = "<group>"; };
		4D553C00187C299A0043B42C /* en */ = {isa = PBXFileReference; lastKnownFileType = text.plist.strings; name = en; path = en.lproj/InfoPlist.strings; sourceTree = "<group>"; };
		4D553C02187C299A0043B42C /* main.m */ = {isa = PBXFileReference; lastKnownFileType = sourcecode.c.objc; path = main.m; sourceTree = "<group>"; };
		4D553C04187C299A0043B42C /* SearchBarBug-Prefix.pch */ = {isa = PBXFileReference; lastKnownFileType = sourcecode.c.h; path = "SearchBarBug-Prefix.pch"; sourceTree = "<group>"; };
		4D553C05187C299A0043B42C /* AppDelegate.h */ = {isa = PBXFileReference; lastKnownFileType = sourcecode.c.h; path = AppDelegate.h; sourceTree = "<group>"; };
		4D553C06187C299A0043B42C /* AppDelegate.m */ = {isa = PBXFileReference; lastKnownFileType = sourcecode.c.objc; path = AppDelegate.m; sourceTree = "<group>"; };
		4D553C08187C299A0043B42C /* Images.xcassets */ = {isa = PBXFileReference; lastKnownFileType = folder.assetcatalog; path = Images.xcassets; sourceTree = "<group>"; };
		4D553C0E187C299A0043B42C /* SearchBarBugTests.xctest */ = {isa = PBXFileReference; explicitFileType = wrapper.cfbundle; includeInIndex = 0; path = SearchBarBugTests.xctest; sourceTree = BUILT_PRODUCTS_DIR; };
		4D553C0F187C299A0043B42C /* XCTest.framework */ = {isa = PBXFileReference; lastKnownFileType = wrapper.framework; name = XCTest.framework; path = Library/Frameworks/XCTest.framework; sourceTree = DEVELOPER_DIR; };
		4D553C17187C299A0043B42C /* SearchBarBugTests-Info.plist */ = {isa = PBXFileReference; lastKnownFileType = text.plist.xml; path = "SearchBarBugTests-Info.plist"; sourceTree = "<group>"; };
		4D553C19187C299A0043B42C /* en */ = {isa = PBXFileReference; lastKnownFileType = text.plist.strings; name = en; path = en.lproj/InfoPlist.strings; sourceTree = "<group>"; };
		4D553C1B187C299A0043B42C /* SearchBarBugTests.m */ = {isa = PBXFileReference; lastKnownFileType = sourcecode.c.objc; path = SearchBarBugTests.m; sourceTree = "<group>"; };
		4D553C26187C29E20043B42C /* JASidePanelController.h */ = {isa = PBXFileReference; fileEncoding = 4; lastKnownFileType = sourcecode.c.h; path = JASidePanelController.h; sourceTree = "<group>"; };
		4D553C27187C29E20043B42C /* JASidePanelController.m */ = {isa = PBXFileReference; fileEncoding = 4; lastKnownFileType = sourcecode.c.objc; path = JASidePanelController.m; sourceTree = "<group>"; };
		4D553C28187C29E20043B42C /* UIViewController+JASidePanel.h */ = {isa = PBXFileReference; fileEncoding = 4; lastKnownFileType = sourcecode.c.h; path = "UIViewController+JASidePanel.h"; sourceTree = "<group>"; };
		4D553C29187C29E20043B42C /* UIViewController+JASidePanel.m */ = {isa = PBXFileReference; fileEncoding = 4; lastKnownFileType = sourcecode.c.objc; path = "UIViewController+JASidePanel.m"; sourceTree = "<group>"; };
		4D553C2C187C2A650043B42C /* MenuViewController.h */ = {isa = PBXFileReference; fileEncoding = 4; lastKnownFileType = sourcecode.c.h; path = MenuViewController.h; sourceTree = "<group>"; };
		4D553C2D187C2A650043B42C /* MenuViewController.m */ = {isa = PBXFileReference; fileEncoding = 4; lastKnownFileType = sourcecode.c.objc; path = MenuViewController.m; sourceTree = "<group>"; };
		4D553C2F187C2D370043B42C /* CenterViewController.h */ = {isa = PBXFileReference; fileEncoding = 4; lastKnownFileType = sourcecode.c.h; path = CenterViewController.h; sourceTree = "<group>"; };
		4D553C30187C2D370043B42C /* CenterViewController.m */ = {isa = PBXFileReference; fileEncoding = 4; lastKnownFileType = sourcecode.c.objc; path = CenterViewController.m; sourceTree = "<group>"; };
/* End PBXFileReference section */

/* Begin PBXFrameworksBuildPhase section */
		4D553BF0187C299A0043B42C /* Frameworks */ = {
			isa = PBXFrameworksBuildPhase;
			buildActionMask = 2147483647;
			files = (
				4D553BF9187C299A0043B42C /* CoreGraphics.framework in Frameworks */,
				4D553BFB187C299A0043B42C /* UIKit.framework in Frameworks */,
				4D553BF7187C299A0043B42C /* Foundation.framework in Frameworks */,
			);
			runOnlyForDeploymentPostprocessing = 0;
		};
		4D553C0B187C299A0043B42C /* Frameworks */ = {
			isa = PBXFrameworksBuildPhase;
			buildActionMask = 2147483647;
			files = (
				4D553C10187C299A0043B42C /* XCTest.framework in Frameworks */,
				4D553C12187C299A0043B42C /* UIKit.framework in Frameworks */,
				4D553C11187C299A0043B42C /* Foundation.framework in Frameworks */,
			);
			runOnlyForDeploymentPostprocessing = 0;
		};
/* End PBXFrameworksBuildPhase section */

/* Begin PBXGroup section */
		4D553BEA187C299A0043B42C = {
			isa = PBXGroup;
			children = (
				4D553C25187C29CC0043B42C /* JASidePanels */,
				4D553BFC187C299A0043B42C /* SearchBarBug */,
				4D553C15187C299A0043B42C /* SearchBarBugTests */,
				4D553BF5187C299A0043B42C /* Frameworks */,
				4D553BF4187C299A0043B42C /* Products */,
			);
			sourceTree = "<group>";
		};
		4D553BF4187C299A0043B42C /* Products */ = {
			isa = PBXGroup;
			children = (
				4D553BF3187C299A0043B42C /* SearchBarBug.app */,
				4D553C0E187C299A0043B42C /* SearchBarBugTests.xctest */,
			);
			name = Products;
			sourceTree = "<group>";
		};
		4D553BF5187C299A0043B42C /* Frameworks */ = {
			isa = PBXGroup;
			children = (
				4D553BF6187C299A0043B42C /* Foundation.framework */,
				4D553BF8187C299A0043B42C /* CoreGraphics.framework */,
				4D553BFA187C299A0043B42C /* UIKit.framework */,
				4D553C0F187C299A0043B42C /* XCTest.framework */,
			);
			name = Frameworks;
			sourceTree = "<group>";
		};
		4D553BFC187C299A0043B42C /* SearchBarBug */ = {
			isa = PBXGroup;
			children = (
				4D553C05187C299A0043B42C /* AppDelegate.h */,
				4D553C06187C299A0043B42C /* AppDelegate.m */,
				4D553C2C187C2A650043B42C /* MenuViewController.h */,
				4D553C2D187C2A650043B42C /* MenuViewController.m */,
				4D553C2F187C2D370043B42C /* CenterViewController.h */,
				4D553C30187C2D370043B42C /* CenterViewController.m */,
				4D553C08187C299A0043B42C /* Images.xcassets */,
				4D553BFD187C299A0043B42C /* Supporting Files */,
			);
			path = SearchBarBug;
			sourceTree = "<group>";
		};
		4D553BFD187C299A0043B42C /* Supporting Files */ = {
			isa = PBXGroup;
			children = (
				4D553BFE187C299A0043B42C /* SearchBarBug-Info.plist */,
				4D553BFF187C299A0043B42C /* InfoPlist.strings */,
				4D553C02187C299A0043B42C /* main.m */,
				4D553C04187C299A0043B42C /* SearchBarBug-Prefix.pch */,
			);
			name = "Supporting Files";
			sourceTree = "<group>";
		};
		4D553C15187C299A0043B42C /* SearchBarBugTests */ = {
			isa = PBXGroup;
			children = (
				4D553C1B187C299A0043B42C /* SearchBarBugTests.m */,
				4D553C16187C299A0043B42C /* Supporting Files */,
			);
			path = SearchBarBugTests;
			sourceTree = "<group>";
		};
		4D553C16187C299A0043B42C /* Supporting Files */ = {
			isa = PBXGroup;
			children = (
				4D553C17187C299A0043B42C /* SearchBarBugTests-Info.plist */,
				4D553C18187C299A0043B42C /* InfoPlist.strings */,
			);
			name = "Supporting Files";
			sourceTree = "<group>";
		};
		4D553C25187C29CC0043B42C /* JASidePanels */ = {
			isa = PBXGroup;
			children = (
				4D553C26187C29E20043B42C /* JASidePanelController.h */,
				4D553C27187C29E20043B42C /* JASidePanelController.m */,
				4D553C28187C29E20043B42C /* UIViewController+JASidePanel.h */,
				4D553C29187C29E20043B42C /* UIViewController+JASidePanel.m */,
			);
			path = JASidePanels;
			sourceTree = "<group>";
		};
/* End PBXGroup section */

/* Begin PBXNativeTarget section */
		4D553BF2187C299A0043B42C /* SearchBarBug */ = {
			isa = PBXNativeTarget;
			buildConfigurationList = 4D553C1F187C299A0043B42C /* Build configuration list for PBXNativeTarget "SearchBarBug" */;
			buildPhases = (
				4D553BEF187C299A0043B42C /* Sources */,
				4D553BF0187C299A0043B42C /* Frameworks */,
				4D553BF1187C299A0043B42C /* Resources */,
			);
			buildRules = (
			);
			dependencies = (
			);
			name = SearchBarBug;
			productName = SearchBarBug;
			productReference = 4D553BF3187C299A0043B42C /* SearchBarBug.app */;
			productType = "com.apple.product-type.application";
		};
		4D553C0D187C299A0043B42C /* SearchBarBugTests */ = {
			isa = PBXNativeTarget;
			buildConfigurationList = 4D553C22187C299A0043B42C /* Build configuration list for PBXNativeTarget "SearchBarBugTests" */;
			buildPhases = (
				4D553C0A187C299A0043B42C /* Sources */,
				4D553C0B187C299A0043B42C /* Frameworks */,
				4D553C0C187C299A0043B42C /* Resources */,
			);
			buildRules = (
			);
			dependencies = (
				4D553C14187C299A0043B42C /* PBXTargetDependency */,
			);
			name = SearchBarBugTests;
			productName = SearchBarBugTests;
			productReference = 4D553C0E187C299A0043B42C /* SearchBarBugTests.xctest */;
			productType = "com.apple.product-type.bundle.unit-test";
		};
/* End PBXNativeTarget section */

/* Begin PBXProject section */
		4D553BEB187C299A0043B42C /* Project object */ = {
			isa = PBXProject;
			attributes = {
				LastUpgradeCheck = 0500;
				ORGANIZATIONNAME = "Mouhcine El Amine";
				TargetAttributes = {
					4D553C0D187C299A0043B42C = {
						TestTargetID = 4D553BF2187C299A0043B42C;
					};
				};
			};
			buildConfigurationList = 4D553BEE187C299A0043B42C /* Build configuration list for PBXProject "SearchBarBug" */;
			compatibilityVersion = "Xcode 3.2";
			developmentRegion = English;
			hasScannedForEncodings = 0;
			knownRegions = (
				en,
			);
			mainGroup = 4D553BEA187C299A0043B42C;
			productRefGroup = 4D553BF4187C299A0043B42C /* Products */;
			projectDirPath = "";
			projectRoot = "";
			targets = (
				4D553BF2187C299A0043B42C /* SearchBarBug */,
				4D553C0D187C299A0043B42C /* SearchBarBugTests */,
			);
		};
/* End PBXProject section */

/* Begin PBXResourcesBuildPhase section */
		4D553BF1187C299A0043B42C /* Resources */ = {
			isa = PBXResourcesBuildPhase;
			buildActionMask = 2147483647;
			files = (
				4D553C01187C299A0043B42C /* InfoPlist.strings in Resources */,
				4D553C09187C299A0043B42C /* Images.xcassets in Resources */,
			);
			runOnlyForDeploymentPostprocessing = 0;
		};
		4D553C0C187C299A0043B42C /* Resources */ = {
			isa = PBXResourcesBuildPhase;
			buildActionMask = 2147483647;
			files = (
				4D553C1A187C299A0043B42C /* InfoPlist.strings in Resources */,
			);
			runOnlyForDeploymentPostprocessing = 0;
		};
/* End PBXResourcesBuildPhase section */

/* Begin PBXSourcesBuildPhase section */
		4D553BEF187C299A0043B42C /* Sources */ = {
			isa = PBXSourcesBuildPhase;
			buildActionMask = 2147483647;
			files = (
				4D553C07187C299A0043B42C /* AppDelegate.m in Sources */,
				4D553C2B187C29E20043B42C /* UIViewController+JASidePanel.m in Sources */,
				4D553C03187C299A0043B42C /* main.m in Sources */,
				4D553C2A187C29E20043B42C /* JASidePanelController.m in Sources */,
				4D553C2E187C2A650043B42C /* MenuViewController.m in Sources */,
				4D553C31187C2D370043B42C /* CenterViewController.m in Sources */,
			);
			runOnlyForDeploymentPostprocessing = 0;
		};
		4D553C0A187C299A0043B42C /* Sources */ = {
			isa = PBXSourcesBuildPhase;
			buildActionMask = 2147483647;
			files = (
				4D553C1C187C299A0043B42C /* SearchBarBugTests.m in Sources */,
			);
			runOnlyForDeploymentPostprocessing = 0;
		};
/* End PBXSourcesBuildPhase section */

/* Begin PBXTargetDependency section */
		4D553C14187C299A0043B42C /* PBXTargetDependency */ = {
			isa = PBXTargetDependency;
			target = 4D553BF2187C299A0043B42C /* SearchBarBug */;
			targetProxy = 4D553C13187C299A0043B42C /* PBXContainerItemProxy */;
		};
/* End PBXTargetDependency section */

/* Begin PBXVariantGroup section */
		4D553BFF187C299A0043B42C /* InfoPlist.strings */ = {
			isa = PBXVariantGroup;
			children = (
				4D553C00187C299A0043B42C /* en */,
			);
			name = InfoPlist.strings;
			sourceTree = "<group>";
		};
		4D553C18187C299A0043B42C /* InfoPlist.strings */ = {
			isa = PBXVariantGroup;
			children = (
				4D553C19187C299A0043B42C /* en */,
			);
			name = InfoPlist.strings;
			sourceTree = "<group>";
		};
/* End PBXVariantGroup section */

/* Begin XCBuildConfiguration section */
		4D553C1D187C299A0043B42C /* Debug */ = {
			isa = XCBuildConfiguration;
			buildSettings = {
				ALWAYS_SEARCH_USER_PATHS = NO;
				ARCHS = "$(ARCHS_STANDARD_INCLUDING_64_BIT)";
				CLANG_CXX_LANGUAGE_STANDARD = "gnu++0x";
				CLANG_CXX_LIBRARY = "libc++";
				CLANG_ENABLE_MODULES = YES;
				CLANG_ENABLE_OBJC_ARC = YES;
				CLANG_WARN_BOOL_CONVERSION = YES;
				CLANG_WARN_CONSTANT_CONVERSION = YES;
				CLANG_WARN_DIRECT_OBJC_ISA_USAGE = YES_ERROR;
				CLANG_WARN_EMPTY_BODY = YES;
				CLANG_WARN_ENUM_CONVERSION = YES;
				CLANG_WARN_INT_CONVERSION = YES;
				CLANG_WARN_OBJC_ROOT_CLASS = YES_ERROR;
				CLANG_WARN__DUPLICATE_METHOD_MATCH = YES;
				"CODE_SIGN_IDENTITY[sdk=iphoneos*]" = "iPhone Developer";
				COPY_PHASE_STRIP = NO;
				GCC_C_LANGUAGE_STANDARD = gnu99;
				GCC_DYNAMIC_NO_PIC = NO;
				GCC_OPTIMIZATION_LEVEL = 0;
				GCC_PREPROCESSOR_DEFINITIONS = (
					"DEBUG=1",
					"$(inherited)",
				);
				GCC_SYMBOLS_PRIVATE_EXTERN = NO;
				GCC_WARN_64_TO_32_BIT_CONVERSION = YES;
				GCC_WARN_ABOUT_RETURN_TYPE = YES_ERROR;
				GCC_WARN_UNDECLARED_SELECTOR = YES;
				GCC_WARN_UNINITIALIZED_AUTOS = YES;
				GCC_WARN_UNUSED_FUNCTION = YES;
				GCC_WARN_UNUSED_VARIABLE = YES;
				IPHONEOS_DEPLOYMENT_TARGET = 7.0;
				ONLY_ACTIVE_ARCH = YES;
				SDKROOT = iphoneos;
			};
			name = Debug;
		};
		4D553C1E187C299A0043B42C /* Release */ = {
			isa = XCBuildConfiguration;
			buildSettings = {
				ALWAYS_SEARCH_USER_PATHS = NO;
				ARCHS = "$(ARCHS_STANDARD_INCLUDING_64_BIT)";
				CLANG_CXX_LANGUAGE_STANDARD = "gnu++0x";
				CLANG_CXX_LIBRARY = "libc++";
				CLANG_ENABLE_MODULES = YES;
				CLANG_ENABLE_OBJC_ARC = YES;
				CLANG_WARN_BOOL_CONVERSION = YES;
				CLANG_WARN_CONSTANT_CONVERSION = YES;
				CLANG_WARN_DIRECT_OBJC_ISA_USAGE = YES_ERROR;
				CLANG_WARN_EMPTY_BODY = YES;
				CLANG_WARN_ENUM_CONVERSION = YES;
				CLANG_WARN_INT_CONVERSION = YES;
				CLANG_WARN_OBJC_ROOT_CLASS = YES_ERROR;
				CLANG_WARN__DUPLICATE_METHOD_MATCH = YES;
				"CODE_SIGN_IDENTITY[sdk=iphoneos*]" = "iPhone Developer";
				COPY_PHASE_STRIP = YES;
				ENABLE_NS_ASSERTIONS = NO;
				GCC_C_LANGUAGE_STANDARD = gnu99;
				GCC_WARN_64_TO_32_BIT_CONVERSION = YES;
				GCC_WARN_ABOUT_RETURN_TYPE = YES_ERROR;
				GCC_WARN_UNDECLARED_SELECTOR = YES;
				GCC_WARN_UNINITIALIZED_AUTOS = YES;
				GCC_WARN_UNUSED_FUNCTION = YES;
				GCC_WARN_UNUSED_VARIABLE = YES;
				IPHONEOS_DEPLOYMENT_TARGET = 7.0;
				SDKROOT = iphoneos;
				VALIDATE_PRODUCT = YES;
			};
			name = Release;
		};
		4D553C20187C299A0043B42C /* Debug */ = {
			isa = XCBuildConfiguration;
			buildSettings = {
				ASSETCATALOG_COMPILER_APPICON_NAME = AppIcon;
				ASSETCATALOG_COMPILER_LAUNCHIMAGE_NAME = LaunchImage;
				GCC_PRECOMPILE_PREFIX_HEADER = YES;
				GCC_PREFIX_HEADER = "SearchBarBug/SearchBarBug-Prefix.pch";
				INFOPLIST_FILE = "SearchBarBug/SearchBarBug-Info.plist";
				PRODUCT_NAME = "$(TARGET_NAME)";
				WRAPPER_EXTENSION = app;
			};
			name = Debug;
		};
		4D553C21187C299A0043B42C /* Release */ = {
			isa = XCBuildConfiguration;
			buildSettings = {
				ASSETCATALOG_COMPILER_APPICON_NAME = AppIcon;
				ASSETCATALOG_COMPILER_LAUNCHIMAGE_NAME = LaunchImage;
				GCC_PRECOMPILE_PREFIX_HEADER = YES;
				GCC_PREFIX_HEADER = "SearchBarBug/SearchBarBug-Prefix.pch";
				INFOPLIST_FILE = "SearchBarBug/SearchBarBug-Info.plist";
				PRODUCT_NAME = "$(TARGET_NAME)";
				WRAPPER_EXTENSION = app;
			};
			name = Release;
		};
		4D553C23187C299A0043B42C /* Debug */ = {
			isa = XCBuildConfiguration;
			buildSettings = {
				ARCHS = "$(ARCHS_STANDARD_INCLUDING_64_BIT)";
				BUNDLE_LOADER = "$(BUILT_PRODUCTS_DIR)/SearchBarBug.app/SearchBarBug";
				FRAMEWORK_SEARCH_PATHS = (
					"$(SDKROOT)/Developer/Library/Frameworks",
					"$(inherited)",
					"$(DEVELOPER_FRAMEWORKS_DIR)",
				);
				GCC_PRECOMPILE_PREFIX_HEADER = YES;
				GCC_PREFIX_HEADER = "SearchBarBug/SearchBarBug-Prefix.pch";
				GCC_PREPROCESSOR_DEFINITIONS = (
					"DEBUG=1",
					"$(inherited)",
				);
				INFOPLIST_FILE = "SearchBarBugTests/SearchBarBugTests-Info.plist";
				PRODUCT_NAME = "$(TARGET_NAME)";
				TEST_HOST = "$(BUNDLE_LOADER)";
				WRAPPER_EXTENSION = xctest;
			};
			name = Debug;
		};
		4D553C24187C299A0043B42C /* Release */ = {
			isa = XCBuildConfiguration;
			buildSettings = {
				ARCHS = "$(ARCHS_STANDARD_INCLUDING_64_BIT)";
				BUNDLE_LOADER = "$(BUILT_PRODUCTS_DIR)/SearchBarBug.app/SearchBarBug";
				FRAMEWORK_SEARCH_PATHS = (
					"$(SDKROOT)/Developer/Library/Frameworks",
					"$(inherited)",
					"$(DEVELOPER_FRAMEWORKS_DIR)",
				);
				GCC_PRECOMPILE_PREFIX_HEADER = YES;
				GCC_PREFIX_HEADER = "SearchBarBug/SearchBarBug-Prefix.pch";
				INFOPLIST_FILE = "SearchBarBugTests/SearchBarBugTests-Info.plist";
				PRODUCT_NAME = "$(TARGET_NAME)";
				TEST_HOST = "$(BUNDLE_LOADER)";
				WRAPPER_EXTENSION = xctest;
			};
			name = Release;
		};
/* End XCBuildConfiguration section */

/* Begin XCConfigurationList section */
		4D553BEE187C299A0043B42C /* Build configuration list for PBXProject "SearchBarBug" */ = {
			isa = XCConfigurationList;
			buildConfigurations = (
				4D553C1D187C299A0043B42C /* Debug */,
				4D553C1E187C299A0043B42C /* Release */,
			);
			defaultConfigurationIsVisible = 0;
			defaultConfigurationName = Release;
		};
		4D553C1F187C299A0043B42C /* Build configuration list for PBXNativeTarget "SearchBarBug" */ = {
			isa = XCConfigurationList;
			buildConfigurations = (
				4D553C20187C299A0043B42C /* Debug */,
				4D553C21187C299A0043B42C /* Release */,
			);
			defaultConfigurationIsVisible = 0;
			defaultConfigurationName = Release;
		};
		4D553C22187C299A0043B42C /* Build configuration list for PBXNativeTarget "SearchBarBugTests" */ = {
			isa = XCConfigurationList;
			buildConfigurations = (
				4D553C23187C299A0043B42C /* Debug */,
				4D553C24187C299A0043B42C /* Release */,
			);
			defaultConfigurationIsVisible = 0;
			defaultConfigurationName = Release;
		};
/* End XCConfigurationList section */
	};
	rootObject = 4D553BEB187C299A0043B42C /* Project object */;
}
